schema: '2.0'
stages:
  preprocess:
    cmd: python3 src/preprocess_new_data.py
    deps:
    - path: data/raw/Tetuan City power consumption.csv
      hash: md5
      md5: dc8f284cda89c4e66e36d20764ae7ae8
      size: 4185523
    - path: src/preprocess_new_data.py
      hash: md5
      md5: ad387ce6c3204bb9bf9e46e38c304eb8
      size: 5196
    outs:
    - path: artifacts/data/x_test.npy
      hash: md5
      md5: 0266cee03086f7c0de968414d290ae2c
      size: 566264
    - path: artifacts/data/x_train.npy
      hash: md5
      md5: 770d6039082484d056db82f78687496d
      size: 2641880
    - path: artifacts/data/x_val.npy
      hash: md5
      md5: c36592bcd7ba70ea7cc5ea3c4e7df311
      size: 566192
    - path: artifacts/data/y_test.npy
      hash: md5
      md5: 5cf04ff01143a5bc9f42644e988823df
      size: 188840
    - path: artifacts/data/y_train.npy
      hash: md5
      md5: 3ec71cf2b526b7ab1ef8d82dcc631223
      size: 880712
    - path: artifacts/data/y_val.npy
      hash: md5
      md5: d64f144329dfd1992b5ca8a7bf2401ee
      size: 188816
    - path: artifacts/metadata/data_version.txt
      hash: md5
      md5: ff3e568a272ca876d331675fd3d5a6c2
      size: 4
    - path: artifacts/preprocessing/feature_columns.json
      hash: md5
      md5: cc1a9772d9e014de61e98f08b959b40f
      size: 156
    - path: artifacts/preprocessing/scaler.pkl
      hash: md5
      md5: ff392de495640d7bfc616ef5fb98d9c2
      size: 783
  train:
    cmd: python3 src/model.py
    deps:
    - path: artifacts/data/x_train.npy
      hash: md5
      md5: 770d6039082484d056db82f78687496d
      size: 2641880
    - path: artifacts/data/x_val.npy
      hash: md5
      md5: c36592bcd7ba70ea7cc5ea3c4e7df311
      size: 566192
    - path: artifacts/data/y_train.npy
      hash: md5
      md5: 3ec71cf2b526b7ab1ef8d82dcc631223
      size: 880712
    - path: artifacts/data/y_val.npy
      hash: md5
      md5: d64f144329dfd1992b5ca8a7bf2401ee
      size: 188816
    - path: src/model.py
      hash: md5
      md5: dbc34053651538588a76128167326082
      size: 5534
    outs:
    - path: artifacts/metadata/last_retrain.txt
      hash: md5
      md5: a070656a084c7f0086e699ce32c51393
      size: 19
    - path: artifacts/metadata/model_version.txt
      hash: md5
      md5: ff3e568a272ca876d331675fd3d5a6c2
      size: 4
    - path: artifacts/metrics/training_history.json
      hash: md5
      md5: a1fa04aee3b2d04d27eadb0a9e4256d2
      size: 4579
    - path: artifacts/models/model.keras
      hash: md5
      md5: c51b2cf3c327aea10ec2dec79def361b
      size: 193075
  evaluate:
    cmd: python3 src/evaluate.py
    deps:
    - path: artifacts/data/x_test.npy
      hash: md5
      md5: 0266cee03086f7c0de968414d290ae2c
      size: 566264
    - path: artifacts/data/y_test.npy
      hash: md5
      md5: 5cf04ff01143a5bc9f42644e988823df
      size: 188840
    - path: artifacts/metrics/training_history.json
      hash: md5
      md5: a1fa04aee3b2d04d27eadb0a9e4256d2
      size: 4579
    - path: artifacts/models/model.keras
      hash: md5
      md5: c51b2cf3c327aea10ec2dec79def361b
      size: 193075
    - path: src/evaluate.py
      hash: md5
      md5: 2e6eb222990391fdc6e011e3a19b9c1e
      size: 5061
    outs:
    - path: artifacts/metrics/actual_vs_predicted.png
      hash: md5
      md5: 387cb1e5a1e31a96b32a23ba02ab0c6d
      size: 577893
    - path: artifacts/metrics/evaluation_metrics.json
      hash: md5
      md5: 66e12f1b94f0721561a921a454cb7687
      size: 442
    - path: artifacts/metrics/loss_curves.png
      hash: md5
      md5: 228a7603e53c177bfd8c7a8bb78a9b82
      size: 95709
  monitor:
    cmd: python3 src/monitor.py
    deps:
    - path: artifacts/data/x_test.npy
      hash: md5
      md5: 0266cee03086f7c0de968414d290ae2c
      size: 566264
    - path: artifacts/data/x_train.npy
      hash: md5
      md5: 770d6039082484d056db82f78687496d
      size: 2641880
    - path: artifacts/data/y_test.npy
      hash: md5
      md5: 5cf04ff01143a5bc9f42644e988823df
      size: 188840
    - path: artifacts/metrics/evaluation_metrics.json
      hash: md5
      md5: 66e12f1b94f0721561a921a454cb7687
      size: 442
    - path: artifacts/models/model.keras
      hash: md5
      md5: c51b2cf3c327aea10ec2dec79def361b
      size: 193075
    - path: src/monitor.py
      hash: md5
      md5: bb9b1949cf23f8a9c487c366762f0a27
      size: 13630
    outs:
    - path: artifacts/metrics/monitoring_metrics.json
      hash: md5
      md5: 5f8b1176bcda8972c629cd73314135fc
      size: 196
    - path: reports/drift_report.json
      hash: md5
      md5: 72f688e7fd383ef60813c363a9028608
      size: 1038
    - path: reports/monitoring_dashboard.html
      hash: md5
      md5: d9c38da40fe00c41537d7a3c2c59a643
      size: 3906
